// !$*UTF8*$!
{
	archiveVersion = 1;
	classes = {
	};
	objectVersion = 46;
	objects = {

/* Begin PBXBuildFile section */
		1ACC89701C8CEFE90014A3DF /* main.m in Sources */ = {isa = PBXBuildFile; fileRef = 1ACC896F1C8CEFE90014A3DF /* main.m */; };
		1ACC89731C8CEFE90014A3DF /* AppDelegate.m in Sources */ = {isa = PBXBuildFile; fileRef = 1ACC89721C8CEFE90014A3DF /* AppDelegate.m */; };
		1ACC89761C8CEFE90014A3DF /* ViewController.m in Sources */ = {isa = PBXBuildFile; fileRef = 1ACC89751C8CEFE90014A3DF /* ViewController.m */; };
		1ACC89791C8CEFE90014A3DF /* Main.storyboard in Resources */ = {isa = PBXBuildFile; fileRef = 1ACC89771C8CEFE90014A3DF /* Main.storyboard */; };
		1ACC897B1C8CEFE90014A3DF /* Images.xcassets in Resources */ = {isa = PBXBuildFile; fileRef = 1ACC897A1C8CEFE90014A3DF /* Images.xcassets */; };
		1ACC897E1C8CEFE90014A3DF /* LaunchScreen.xib in Resources */ = {isa = PBXBuildFile; fileRef = 1ACC897C1C8CEFE90014A3DF /* LaunchScreen.xib */; };
		1ACC898A1C8CEFE90014A3DF /* ____Tests.m in Sources */ = {isa = PBXBuildFile; fileRef = 1ACC89891C8CEFE90014A3DF /* ____Tests.m */; };
		1ACC89951C8CF3DD0014A3DF /* CustomAnnotaiotn.m in Sources */ = {isa = PBXBuildFile; fileRef = 1ACC89941C8CF3DD0014A3DF /* CustomAnnotaiotn.m */; };
/* End PBXBuildFile section */

/* Begin PBXContainerItemProxy section */
		1ACC89841C8CEFE90014A3DF /* PBXContainerItemProxy */ = {
			isa = PBXContainerItemProxy;
			containerPortal = 1ACC89621C8CEFE90014A3DF /* Project object */;
			proxyType = 1;
			remoteGlobalIDString = 1ACC89691C8CEFE90014A3DF;
			remoteInfo = "高德地图";
		};
/* End PBXContainerItemProxy section */

/* Begin PBXFileReference section */
		1ACC896A1C8CEFE90014A3DF /* 高德地图.app */ = {isa = PBXFileReference; explicitFileType = wrapper.application; includeInIndex = 0; path = "高德地图.app"; sourceTree = BUILT_PRODUCTS_DIR; };
		1ACC896E1C8CEFE90014A3DF /* Info.plist */ = {isa = PBXFileReference; lastKnownFileType = text.plist.xml; path = Info.plist; sourceTree = "<group>"; };
		1ACC896F1C8CEFE90014A3DF /* main.m */ = {isa = PBXFileReference; lastKnownFileType = sourcecode.c.objc; path = main.m; sourceTree = "<group>"; };
		1ACC89711C8CEFE90014A3DF /* AppDelegate.h */ = {isa = PBXFileReference; lastKnownFileType = sourcecode.c.h; path = AppDelegate.h; sourceTree = "<group>"; };
		1ACC89721C8CEFE90014A3DF /* AppDelegate.m */ = {isa = PBXFileReference; lastKnownFileType = sourcecode.c.objc; path = AppDelegate.m; sourceTree = "<group>"; };
		1ACC89741C8CEFE90014A3DF /* ViewController.h */ = {isa = PBXFileReference; lastKnownFileType = sourcecode.c.h; path = ViewController.h; sourceTree = "<group>"; };
		1ACC89751C8CEFE90014A3DF /* ViewController.m */ = {isa = PBXFileReference; lastKnownFileType = sourcecode.c.objc; path = ViewController.m; sourceTree = "<group>"; };
		1ACC89781C8CEFE90014A3DF /* Base */ = {isa = PBXFileReference; lastKnownFileType = file.storyboard; name = Base; path = Base.lproj/Main.storyboard; sourceTree = "<group>"; };
		1ACC897A1C8CEFE90014A3DF /* Images.xcassets */ = {isa = PBXFileReference; lastKnownFileType = folder.assetcatalog; path = Images.xcassets; sourceTree = "<group>"; };
		1ACC897D1C8CEFE90014A3DF /* Base */ = {isa = PBXFileReference; lastKnownFileType = file.xib; name = Base; path = Base.lproj/LaunchScreen.xib; sourceTree = "<group>"; };
		1ACC89831C8CEFE90014A3DF /* 高德地图Tests.xctest */ = {isa = PBXFileReference; explicitFileType = wrapper.cfbundle; includeInIndex = 0; path = "高德地图Tests.xctest"; sourceTree = BUILT_PRODUCTS_DIR; };
		1ACC89881C8CEFE90014A3DF /* Info.plist */ = {isa = PBXFileReference; lastKnownFileType = text.plist.xml; path = Info.plist; sourceTree = "<group>"; };
		1ACC89891C8CEFE90014A3DF /* ____Tests.m */ = {isa = PBXFileReference; lastKnownFileType = sourcecode.c.objc; path = "____Tests.m"; sourceTree = "<group>"; };
		1ACC89931C8CF3DD0014A3DF /* CustomAnnotaiotn.h */ = {isa = PBXFileReference; fileEncoding = 4; lastKnownFileType = sourcecode.c.h; path = CustomAnnotaiotn.h; sourceTree = "<group>"; };
		1ACC89941C8CF3DD0014A3DF /* CustomAnnotaiotn.m */ = {isa = PBXFileReference; fileEncoding = 4; lastKnownFileType = sourcecode.c.objc; path = CustomAnnotaiotn.m; sourceTree = "<group>"; };
/* End PBXFileReference section */

/* Begin PBXFrameworksBuildPhase section */
		1ACC89671C8CEFE90014A3DF /* Frameworks */ = {
			isa = PBXFrameworksBuildPhase;
			buildActionMask = 2147483647;
			files = (
			);
			runOnlyForDeploymentPostprocessing = 0;
		};
		1ACC89801C8CEFE90014A3DF /* Frameworks */ = {
			isa = PBXFrameworksBuildPhase;
			buildActionMask = 2147483647;
			files = (
			);
			runOnlyForDeploymentPostprocessing = 0;
		};
/* End PBXFrameworksBuildPhase section */

/* Begin PBXGroup section */
		1ACC89611C8CEFE90014A3DF = {
			isa = PBXGroup;
			children = (
				1ACC896C1C8CEFE90014A3DF /* 高德地图 */,
				1ACC89861C8CEFE90014A3DF /* 高德地图Tests */,
				1ACC896B1C8CEFE90014A3DF /* Products */,
			);
			sourceTree = "<group>";
		};
		1ACC896B1C8CEFE90014A3DF /* Products */ = {
			isa = PBXGroup;
			children = (
				1ACC896A1C8CEFE90014A3DF /* 高德地图.app */,
				1ACC89831C8CEFE90014A3DF /* 高德地图Tests.xctest */,
			);
			name = Products;
			sourceTree = "<group>";
		};
		1ACC896C1C8CEFE90014A3DF /* 高德地图 */ = {
			isa = PBXGroup;
			children = (
				1ACC89711C8CEFE90014A3DF /* AppDelegate.h */,
				1ACC89721C8CEFE90014A3DF /* AppDelegate.m */,
				1ACC89741C8CEFE90014A3DF /* ViewController.h */,
				1ACC89751C8CEFE90014A3DF /* ViewController.m */,
				1ACC89931C8CF3DD0014A3DF /* CustomAnnotaiotn.h */,
				1ACC89941C8CF3DD0014A3DF /* CustomAnnotaiotn.m */,
				1ACC89771C8CEFE90014A3DF /* Main.storyboard */,
				1ACC897A1C8CEFE90014A3DF /* Images.xcassets */,
				1ACC897C1C8CEFE90014A3DF /* LaunchScreen.xib */,
				1ACC896D1C8CEFE90014A3DF /* Supporting Files */,
			);
			path = "高德地图";
			sourceTree = "<group>";
		};
		1ACC896D1C8CEFE90014A3DF /* Supporting Files */ = {
			isa = PBXGroup;
			children = (
				1ACC896E1C8CEFE90014A3DF /* Info.plist */,
				1ACC896F1C8CEFE90014A3DF /* main.m */,
			);
			name = "Supporting Files";
			sourceTree = "<group>";
		};
		1ACC89861C8CEFE90014A3DF /* 高德地图Tests */ = {
			isa = PBXGroup;
			children = (
				1ACC89891C8CEFE90014A3DF /* ____Tests.m */,
				1ACC89871C8CEFE90014A3DF /* Supporting Files */,
			);
			path = "高德地图Tests";
			sourceTree = "<group>";
		};
		1ACC89871C8CEFE90014A3DF /* Supporting Files */ = {
			isa = PBXGroup;
			children = (
				1ACC89881C8CEFE90014A3DF /* Info.plist */,
			);
			name = "Supporting Files";
			sourceTree = "<group>";
		};
/* End PBXGroup section */

/* Begin PBXNativeTarget section */
		1ACC89691C8CEFE90014A3DF /* 高德地图 */ = {
			isa = PBXNativeTarget;
			buildConfigurationList = 1ACC898D1C8CEFE90014A3DF /* Build configuration list for PBXNativeTarget "高德地图" */;
			buildPhases = (
				1ACC89661C8CEFE90014A3DF /* Sources */,
				1ACC89671C8CEFE90014A3DF /* Frameworks */,
				1ACC89681C8CEFE90014A3DF /* Resources */,
			);
			buildRules = (
			);
			dependencies = (
			);
			name = "高德地图";
			productName = "高德地图";
			productReference = 1ACC896A1C8CEFE90014A3DF /* 高德地图.app */;
			productType = "com.apple.product-type.application";
		};
		1ACC89821C8CEFE90014A3DF /* 高德地图Tests */ = {
			isa = PBXNativeTarget;
			buildConfigurationList = 1ACC89901C8CEFE90014A3DF /* Build configuration list for PBXNativeTarget "高德地图Tests" */;
			buildPhases = (
				1ACC897F1C8CEFE90014A3DF /* Sources */,
				1ACC89801C8CEFE90014A3DF /* Frameworks */,
				1ACC89811C8CEFE90014A3DF /* Resources */,
			);
			buildRules = (
			);
			dependencies = (
				1ACC89851C8CEFE90014A3DF /* PBXTargetDependency */,
			);
			name = "高德地图Tests";
			productName = "高德地图Tests";
			productReference = 1ACC89831C8CEFE90014A3DF /* 高德地图Tests.xctest */;
			productType = "com.apple.product-type.bundle.unit-test";
		};
/* End PBXNativeTarget section */

/* Begin PBXProject section */
		1ACC89621C8CEFE90014A3DF /* Project object */ = {
			isa = PBXProject;
			attributes = {
				LastUpgradeCheck = 0620;
				ORGANIZATIONNAME = "sun－company";
				TargetAttributes = {
					1ACC89691C8CEFE90014A3DF = {
						CreatedOnToolsVersion = 6.2;
					};
					1ACC89821C8CEFE90014A3DF = {
						CreatedOnToolsVersion = 6.2;
						TestTargetID = 1ACC89691C8CEFE90014A3DF;
					};
				};
			};
			buildConfigurationList = 1ACC89651C8CEFE90014A3DF /* Build configuration list for PBXProject "高德地图" */;
			compatibilityVersion = "Xcode 3.2";
			developmentRegion = English;
			hasScannedForEncodings = 0;
			knownRegions = (
				en,
				Base,
			);
			mainGroup = 1ACC89611C8CEFE90014A3DF;
			productRefGroup = 1ACC896B1C8CEFE90014A3DF /* Products */;
			projectDirPath = "";
			projectRoot = "";
			targets = (
				1ACC89691C8CEFE90014A3DF /* 高德地图 */,
				1ACC89821C8CEFE90014A3DF /* 高德地图Tests */,
			);
		};
/* End PBXProject section */

/* Begin PBXResourcesBuildPhase section */
		1ACC89681C8CEFE90014A3DF /* Resources */ = {
			isa = PBXResourcesBuildPhase;
			buildActionMask = 2147483647;
			files = (
				1ACC89791C8CEFE90014A3DF /* Main.storyboard in Resources */,
				1ACC897E1C8CEFE90014A3DF /* LaunchScreen.xib in Resources */,
				1ACC897B1C8CEFE90014A3DF /* Images.xcassets in Resources */,
			);
			runOnlyForDeploymentPostprocessing = 0;
		};
		1ACC89811C8CEFE90014A3DF /* Resources */ = {
			isa = PBXResourcesBuildPhase;
			buildActionMask = 2147483647;
			files = (
			);
			runOnlyForDeploymentPostprocessing = 0;
		};
/* End PBXResourcesBuildPhase section */

/* Begin PBXSourcesBuildPhase section */
		1ACC89661C8CEFE90014A3DF /* Sources */ = {
			isa = PBXSourcesBuildPhase;
			buildActionMask = 2147483647;
			files = (
				1ACC89761C8CEFE90014A3DF /* ViewController.m in Sources */,
				1ACC89731C8CEFE90014A3DF /* AppDelegate.m in Sources */,
				1ACC89701C8CEFE90014A3DF /* main.m in Sources */,
				1ACC89951C8CF3DD0014A3DF /* CustomAnnotaiotn.m in Sources */,
			);
			runOnlyForDeploymentPostprocessing = 0;
		};
		1ACC897F1C8CEFE90014A3DF /* Sources */ = {
			isa = PBXSourcesBuildPhase;
			buildActionMask = 2147483647;
			files = (
				1ACC898A1C8CEFE90014A3DF /* ____Tests.m in Sources */,
			);
			runOnlyForDeploymentPostprocessing = 0;
		};
/* End PBXSourcesBuildPhase section */

/* Begin PBXTargetDependency section */
		1ACC89851C8CEFE90014A3DF /* PBXTargetDependency */ = {
			isa = PBXTargetDependency;
			target = 1ACC89691C8CEFE90014A3DF /* 高德地图 */;
			targetProxy = 1ACC89841C8CEFE90014A3DF /* PBXContainerItemProxy */;
		};
/* End PBXTargetDependency section */

/* Begin PBXVariantGroup section */
		1ACC89771C8CEFE90014A3DF /* Main.storyboard */ = {
			isa = PBXVariantGroup;
			children = (
				1ACC89781C8CEFE90014A3DF /* Base */,
			);
			name = Main.storyboard;
			sourceTree = "<group>";
		};
		1ACC897C1C8CEFE90014A3DF /* LaunchScreen.xib */ = {
			isa = PBXVariantGroup;
			children = (
				1ACC897D1C8CEFE90014A3DF /* Base */,
			);
			name = LaunchScreen.xib;
			sourceTree = "<group>";
		};
/* End PBXVariantGroup section */

/* Begin XCBuildConfiguration section */
		1ACC898B1C8CEFE90014A3DF /* Debug */ = {
			isa = XCBuildConfiguration;
			buildSettings = {
				ALWAYS_SEARCH_USER_PATHS = NO;
				CLANG_CXX_LANGUAGE_STANDARD = "gnu++0x";
				CLANG_CXX_LIBRARY = "libc++";
				CLANG_ENABLE_MODULES = YES;
				CLANG_ENABLE_OBJC_ARC = YES;
				CLANG_WARN_BOOL_CONVERSION = YES;
				CLANG_WARN_CONSTANT_CONVERSION = YES;
				CLANG_WARN_DIRECT_OBJC_ISA_USAGE = YES_ERROR;
				CLANG_WARN_EMPTY_BODY = YES;
				CLANG_WARN_ENUM_CONVERSION = YES;
				CLANG_WARN_INT_CONVERSION = YES;
				CLANG_WARN_OBJC_ROOT_CLASS = YES_ERROR;
				CLANG_WARN_UNREACHABLE_CODE = YES;
				CLANG_WARN__DUPLICATE_METHOD_MATCH = YES;
				"CODE_SIGN_IDENTITY[sdk=iphoneos*]" = "iPhone Developer";
				COPY_PHASE_STRIP = NO;
				ENABLE_STRICT_OBJC_MSGSEND = YES;
				GCC_C_LANGUAGE_STANDARD = gnu99;
				GCC_DYNAMIC_NO_PIC = NO;
				GCC_OPTIMIZATION_LEVEL = 0;
				GCC_PREPROCESSOR_DEFINITIONS = (
					"DEBUG=1",
					"$(inherited)",
				);
				GCC_SYMBOLS_PRIVATE_EXTERN = NO;
				GCC_WARN_64_TO_32_BIT_CONVERSION = YES;
				GCC_WARN_ABOUT_RETURN_TYPE = YES_ERROR;
				GCC_WARN_UNDECLARED_SELECTOR = YES;
				GCC_WARN_UNINITIALIZED_AUTOS = YES_AGGRESSIVE;
				GCC_WARN_UNUSED_FUNCTION = YES;
				GCC_WARN_UNUSED_VARIABLE = YES;
				IPHONEOS_DEPLOYMENT_TARGET = 8.2;
				MTL_ENABLE_DEBUG_INFO = YES;
				ONLY_ACTIVE_ARCH = YES;
				SDKROOT = iphoneos;
				TARGETED_DEVICE_FAMILY = "1,2";
			};
			name = Debug;
		};
		1ACC898C1C8CEFE90014A3DF /* Release */ = {
			isa = XCBuildConfiguration;
			buildSettings = {
				ALWAYS_SEARCH_USER_PATHS = NO;
				CLANG_CXX_LANGUAGE_STANDARD = "gnu++0x";
				CLANG_CXX_LIBRARY = "libc++";
				CLANG_ENABLE_MODULES = YES;
				CLANG_ENABLE_OBJC_ARC = YES;
				CLANG_WARN_BOOL_CONVERSION = YES;
				CLANG_WARN_CONSTANT_CONVERSION = YES;
				CLANG_WARN_DIRECT_OBJC_ISA_USAGE = YES_ERROR;
				CLANG_WARN_EMPTY_BODY = YES;
				CLANG_WARN_ENUM_CONVERSION = YES;
				CLANG_WARN_INT_CONVERSION = YES;
				CLANG_WARN_OBJC_ROOT_CLASS = YES_ERROR;
				CLANG_WARN_UNREACHABLE_CODE = YES;
				CLANG_WARN__DUPLICATE_METHOD_MATCH = YES;
				"CODE_SIGN_IDENTITY[sdk=iphoneos*]" = "iPhone Developer";
				COPY_PHASE_STRIP = NO;
				ENABLE_NS_ASSERTIONS = NO;
				ENABLE_STRICT_OBJC_MSGSEND = YES;
				GCC_C_LANGUAGE_STANDARD = gnu99;
				GCC_WARN_64_TO_32_BIT_CONVERSION = YES;
				GCC_WARN_ABOUT_RETURN_TYPE = YES_ERROR;
				GCC_WARN_UNDECLARED_SELECTOR = YES;
				GCC_WARN_UNINITIALIZED_AUTOS = YES_AGGRESSIVE;
				GCC_WARN_UNUSED_FUNCTION = YES;
				GCC_WARN_UNUSED_VARIABLE = YES;
				IPHONEOS_DEPLOYMENT_TARGET = 8.2;
				MTL_ENABLE_DEBUG_INFO = NO;
				SDKROOT = iphoneos;
				TARGETED_DEVICE_FAMILY = "1,2";
				VALIDATE_PRODUCT = YES;
			};
			name = Release;
		};
		1ACC898E1C8CEFE90014A3DF /* Debug */ = {
			isa = XCBuildConfiguration;
			buildSettings = {
				ASSETCATALOG_COMPILER_APPICON_NAME = AppIcon;
				INFOPLIST_FILE = "高德地图/Info.plist";
				LD_RUNPATH_SEARCH_PATHS = "$(inherited) @executable_path/Frameworks";
				PRODUCT_NAME = "$(TARGET_NAME)";
			};
			name = Debug;
		};
		1ACC898F1C8CEFE90014A3DF /* Release */ = {
			isa = XCBuildConfiguration;
			buildSettings = {
				ASSETCATALOG_COMPILER_APPICON_NAME = AppIcon;
				INFOPLIST_FILE = "高德地图/Info.plist";
				LD_RUNPATH_SEARCH_PATHS = "$(inherited) @executable_path/Frameworks";
				PRODUCT_NAME = "$(TARGET_NAME)";
			};
			name = Release;
		};
		1ACC89911C8CEFE90014A3DF /* Debug */ = {
			isa = XCBuildConfiguration;
			buildSettings = {
				BUNDLE_LOADER = "$(TEST_HOST)";
				FRAMEWORK_SEARCH_PATHS = (
					"$(SDKROOT)/Developer/Library/Frameworks",
					"$(inherited)",
				);
				GCC_PREPROCESSOR_DEFINITIONS = (
					"DEBUG=1",
					"$(inherited)",
				);
				INFOPLIST_FILE = "高德地图Tests/Info.plist";
				LD_RUNPATH_SEARCH_PATHS = "$(inherited) @executable_path/Frameworks @loader_path/Frameworks";
				PRODUCT_NAME = "$(TARGET_NAME)";
				TEST_HOST = "$(BUILT_PRODUCTS_DIR)/高德地图.app/高德地图";
			};
			name = Debug;
		};
		1ACC89921C8CEFE90014A3DF /* Release */ = {
			isa = XCBuildConfiguration;
			buildSettings = {
				BUNDLE_LOADER = "$(TEST_HOST)";
				FRAMEWORK_SEARCH_PATHS = (
					"$(SDKROOT)/Developer/Library/Frameworks",
					"$(inherited)",
				);
				INFOPLIST_FILE = "高德地图Tests/Info.plist";
				LD_RUNPATH_SEARCH_PATHS = "$(inherited) @executable_path/Frameworks @loader_path/Frameworks";
				PRODUCT_NAME = "$(TARGET_NAME)";
				TEST_HOST = "$(BUILT_PRODUCTS_DIR)/高德地图.app/高德地图";
			};
			name = Release;
		};
/* End XCBuildConfiguration section */

/* Begin XCConfigurationList section */
		1ACC89651C8CEFE90014A3DF /* Build configuration list for PBXProject "高德地图" */ = {
			isa = XCConfigurationList;
			buildConfigurations = (
				1ACC898B1C8CEFE90014A3DF /* Debug */,
				1ACC898C1C8CEFE90014A3DF /* Release */,
			);
			defaultConfigurationIsVisible = 0;
			defaultConfigurationName = Release;
		};
		1ACC898D1C8CEFE90014A3DF /* Build configuration list for PBXNativeTarget "高德地图" */ = {
			isa = XCConfigurationList;
			buildConfigurations = (
				1ACC898E1C8CEFE90014A3DF /* Debug */,
				1ACC898F1C8CEFE90014A3DF /* Release */,
			);
			defaultConfigurationIsVisible = 0;
		};
		1ACC89901C8CEFE90014A3DF /* Build configuration list for PBXNativeTarget "高德地图Tests" */ = {
			isa = XCConfigurationList;
			buildConfigurations = (
				1ACC89911C8CEFE90014A3DF /* Debug */,
				1ACC89921C8CEFE90014A3DF /* Release */,
			);
			defaultConfigurationIsVisible = 0;
		};
/* End XCConfigurationList section */
	};
	rootObject = 1ACC89621C8CEFE90014A3DF /* Project object */;
}
