// !$*UTF8*$!
{
	archiveVersion = 1;
	classes = {
	};
	objectVersion = 46;
	objects = {

/* Begin PBXBuildFile section */
		1ACC89081C8CE0900014A3DF /* main.m in Sources */ = {isa = PBXBuildFile; fileRef = 1ACC89071C8CE0900014A3DF /* main.m */; };
		1ACC890B1C8CE0900014A3DF /* AppDelegate.m in Sources */ = {isa = PBXBuildFile; fileRef = 1ACC890A1C8CE0900014A3DF /* AppDelegate.m */; };
		1ACC890E1C8CE0900014A3DF /* ViewController.m in Sources */ = {isa = PBXBuildFile; fileRef = 1ACC890D1C8CE0900014A3DF /* ViewController.m */; };
		1ACC89111C8CE0900014A3DF /* Main.storyboard in Resources */ = {isa = PBXBuildFile; fileRef = 1ACC890F1C8CE0900014A3DF /* Main.storyboard */; };
		1ACC89131C8CE0900014A3DF /* Images.xcassets in Resources */ = {isa = PBXBuildFile; fileRef = 1ACC89121C8CE0900014A3DF /* Images.xcassets */; };
		1ACC89161C8CE0900014A3DF /* LaunchScreen.xib in Resources */ = {isa = PBXBuildFile; fileRef = 1ACC89141C8CE0900014A3DF /* LaunchScreen.xib */; };
		1ACC89221C8CE0900014A3DF /* __Tests.m in Sources */ = {isa = PBXBuildFile; fileRef = 1ACC89211C8CE0900014A3DF /* __Tests.m */; };
/* End PBXBuildFile section */

/* Begin PBXContainerItemProxy section */
		1ACC891C1C8CE0900014A3DF /* PBXContainerItemProxy */ = {
			isa = PBXContainerItemProxy;
			containerPortal = 1ACC88FA1C8CE0900014A3DF /* Project object */;
			proxyType = 1;
			remoteGlobalIDString = 1ACC89011C8CE0900014A3DF;
			remoteInfo = "开关";
		};
/* End PBXContainerItemProxy section */

/* Begin PBXFileReference section */
		1ACC89021C8CE0900014A3DF /* 开关.app */ = {isa = PBXFileReference; explicitFileType = wrapper.application; includeInIndex = 0; path = "开关.app"; sourceTree = BUILT_PRODUCTS_DIR; };
		1ACC89061C8CE0900014A3DF /* Info.plist */ = {isa = PBXFileReference; lastKnownFileType = text.plist.xml; path = Info.plist; sourceTree = "<group>"; };
		1ACC89071C8CE0900014A3DF /* main.m */ = {isa = PBXFileReference; lastKnownFileType = sourcecode.c.objc; path = main.m; sourceTree = "<group>"; };
		1ACC89091C8CE0900014A3DF /* AppDelegate.h */ = {isa = PBXFileReference; lastKnownFileType = sourcecode.c.h; path = AppDelegate.h; sourceTree = "<group>"; };
		1ACC890A1C8CE0900014A3DF /* AppDelegate.m */ = {isa = PBXFileReference; lastKnownFileType = sourcecode.c.objc; path = AppDelegate.m; sourceTree = "<group>"; };
		1ACC890C1C8CE0900014A3DF /* ViewController.h */ = {isa = PBXFileReference; lastKnownFileType = sourcecode.c.h; path = ViewController.h; sourceTree = "<group>"; };
		1ACC890D1C8CE0900014A3DF /* ViewController.m */ = {isa = PBXFileReference; lastKnownFileType = sourcecode.c.objc; path = ViewController.m; sourceTree = "<group>"; };
		1ACC89101C8CE0900014A3DF /* Base */ = {isa = PBXFileReference; lastKnownFileType = file.storyboard; name = Base; path = Base.lproj/Main.storyboard; sourceTree = "<group>"; };
		1ACC89121C8CE0900014A3DF /* Images.xcassets */ = {isa = PBXFileReference; lastKnownFileType = folder.assetcatalog; path = Images.xcassets; sourceTree = "<group>"; };
		1ACC89151C8CE0900014A3DF /* Base */ = {isa = PBXFileReference; lastKnownFileType = file.xib; name = Base; path = Base.lproj/LaunchScreen.xib; sourceTree = "<group>"; };
		1ACC891B1C8CE0900014A3DF /* 开关Tests.xctest */ = {isa = PBXFileReference; explicitFileType = wrapper.cfbundle; includeInIndex = 0; path = "开关Tests.xctest"; sourceTree = BUILT_PRODUCTS_DIR; };
		1ACC89201C8CE0900014A3DF /* Info.plist */ = {isa = PBXFileReference; lastKnownFileType = text.plist.xml; path = Info.plist; sourceTree = "<group>"; };
		1ACC89211C8CE0900014A3DF /* __Tests.m */ = {isa = PBXFileReference; lastKnownFileType = sourcecode.c.objc; path = __Tests.m; sourceTree = "<group>"; };
/* End PBXFileReference section */

/* Begin PBXFrameworksBuildPhase section */
		1ACC88FF1C8CE0900014A3DF /* Frameworks */ = {
			isa = PBXFrameworksBuildPhase;
			buildActionMask = 2147483647;
			files = (
			);
			runOnlyForDeploymentPostprocessing = 0;
		};
		1ACC89181C8CE0900014A3DF /* Frameworks */ = {
			isa = PBXFrameworksBuildPhase;
			buildActionMask = 2147483647;
			files = (
			);
			runOnlyForDeploymentPostprocessing = 0;
		};
/* End PBXFrameworksBuildPhase section */

/* Begin PBXGroup section */
		1ACC88F91C8CE0900014A3DF = {
			isa = PBXGroup;
			children = (
				1ACC89041C8CE0900014A3DF /* 开关 */,
				1ACC891E1C8CE0900014A3DF /* 开关Tests */,
				1ACC89031C8CE0900014A3DF /* Products */,
			);
			sourceTree = "<group>";
		};
		1ACC89031C8CE0900014A3DF /* Products */ = {
			isa = PBXGroup;
			children = (
				1ACC89021C8CE0900014A3DF /* 开关.app */,
				1ACC891B1C8CE0900014A3DF /* 开关Tests.xctest */,
			);
			name = Products;
			sourceTree = "<group>";
		};
		1ACC89041C8CE0900014A3DF /* 开关 */ = {
			isa = PBXGroup;
			children = (
				1ACC89091C8CE0900014A3DF /* AppDelegate.h */,
				1ACC890A1C8CE0900014A3DF /* AppDelegate.m */,
				1ACC890C1C8CE0900014A3DF /* ViewController.h */,
				1ACC890D1C8CE0900014A3DF /* ViewController.m */,
				1ACC890F1C8CE0900014A3DF /* Main.storyboard */,
				1ACC89121C8CE0900014A3DF /* Images.xcassets */,
				1ACC89141C8CE0900014A3DF /* LaunchScreen.xib */,
				1ACC89051C8CE0900014A3DF /* Supporting Files */,
			);
			path = "开关";
			sourceTree = "<group>";
		};
		1ACC89051C8CE0900014A3DF /* Supporting Files */ = {
			isa = PBXGroup;
			children = (
				1ACC89061C8CE0900014A3DF /* Info.plist */,
				1ACC89071C8CE0900014A3DF /* main.m */,
			);
			name = "Supporting Files";
			sourceTree = "<group>";
		};
		1ACC891E1C8CE0900014A3DF /* 开关Tests */ = {
			isa = PBXGroup;
			children = (
				1ACC89211C8CE0900014A3DF /* __Tests.m */,
				1ACC891F1C8CE0900014A3DF /* Supporting Files */,
			);
			path = "开关Tests";
			sourceTree = "<group>";
		};
		1ACC891F1C8CE0900014A3DF /* Supporting Files */ = {
			isa = PBXGroup;
			children = (
				1ACC89201C8CE0900014A3DF /* Info.plist */,
			);
			name = "Supporting Files";
			sourceTree = "<group>";
		};
/* End PBXGroup section */

/* Begin PBXNativeTarget section */
		1ACC89011C8CE0900014A3DF /* 开关 */ = {
			isa = PBXNativeTarget;
			buildConfigurationList = 1ACC89251C8CE0900014A3DF /* Build configuration list for PBXNativeTarget "开关" */;
			buildPhases = (
				1ACC88FE1C8CE0900014A3DF /* Sources */,
				1ACC88FF1C8CE0900014A3DF /* Frameworks */,
				1ACC89001C8CE0900014A3DF /* Resources */,
			);
			buildRules = (
			);
			dependencies = (
			);
			name = "开关";
			productName = "开关";
			productReference = 1ACC89021C8CE0900014A3DF /* 开关.app */;
			productType = "com.apple.product-type.application";
		};
		1ACC891A1C8CE0900014A3DF /* 开关Tests */ = {
			isa = PBXNativeTarget;
			buildConfigurationList = 1ACC89281C8CE0900014A3DF /* Build configuration list for PBXNativeTarget "开关Tests" */;
			buildPhases = (
				1ACC89171C8CE0900014A3DF /* Sources */,
				1ACC89181C8CE0900014A3DF /* Frameworks */,
				1ACC89191C8CE0900014A3DF /* Resources */,
			);
			buildRules = (
			);
			dependencies = (
				1ACC891D1C8CE0900014A3DF /* PBXTargetDependency */,
			);
			name = "开关Tests";
			productName = "开关Tests";
			productReference = 1ACC891B1C8CE0900014A3DF /* 开关Tests.xctest */;
			productType = "com.apple.product-type.bundle.unit-test";
		};
/* End PBXNativeTarget section */

/* Begin PBXProject section */
		1ACC88FA1C8CE0900014A3DF /* Project object */ = {
			isa = PBXProject;
			attributes = {
				LastUpgradeCheck = 0620;
				ORGANIZATIONNAME = "sun－company";
				TargetAttributes = {
					1ACC89011C8CE0900014A3DF = {
						CreatedOnToolsVersion = 6.2;
					};
					1ACC891A1C8CE0900014A3DF = {
						CreatedOnToolsVersion = 6.2;
						TestTargetID = 1ACC89011C8CE0900014A3DF;
					};
				};
			};
			buildConfigurationList = 1ACC88FD1C8CE0900014A3DF /* Build configuration list for PBXProject "开关" */;
			compatibilityVersion = "Xcode 3.2";
			developmentRegion = English;
			hasScannedForEncodings = 0;
			knownRegions = (
				en,
				Base,
			);
			mainGroup = 1ACC88F91C8CE0900014A3DF;
			productRefGroup = 1ACC89031C8CE0900014A3DF /* Products */;
			projectDirPath = "";
			projectRoot = "";
			targets = (
				1ACC89011C8CE0900014A3DF /* 开关 */,
				1ACC891A1C8CE0900014A3DF /* 开关Tests */,
			);
		};
/* End PBXProject section */

/* Begin PBXResourcesBuildPhase section */
		1ACC89001C8CE0900014A3DF /* Resources */ = {
			isa = PBXResourcesBuildPhase;
			buildActionMask = 2147483647;
			files = (
				1ACC89111C8CE0900014A3DF /* Main.storyboard in Resources */,
				1ACC89161C8CE0900014A3DF /* LaunchScreen.xib in Resources */,
				1ACC89131C8CE0900014A3DF /* Images.xcassets in Resources */,
			);
			runOnlyForDeploymentPostprocessing = 0;
		};
		1ACC89191C8CE0900014A3DF /* Resources */ = {
			isa = PBXResourcesBuildPhase;
			buildActionMask = 2147483647;
			files = (
			);
			runOnlyForDeploymentPostprocessing = 0;
		};
/* End PBXResourcesBuildPhase section */

/* Begin PBXSourcesBuildPhase section */
		1ACC88FE1C8CE0900014A3DF /* Sources */ = {
			isa = PBXSourcesBuildPhase;
			buildActionMask = 2147483647;
			files = (
				1ACC890E1C8CE0900014A3DF /* ViewController.m in Sources */,
				1ACC890B1C8CE0900014A3DF /* AppDelegate.m in Sources */,
				1ACC89081C8CE0900014A3DF /* main.m in Sources */,
			);
			runOnlyForDeploymentPostprocessing = 0;
		};
		1ACC89171C8CE0900014A3DF /* Sources */ = {
			isa = PBXSourcesBuildPhase;
			buildActionMask = 2147483647;
			files = (
				1ACC89221C8CE0900014A3DF /* __Tests.m in Sources */,
			);
			runOnlyForDeploymentPostprocessing = 0;
		};
/* End PBXSourcesBuildPhase section */

/* Begin PBXTargetDependency section */
		1ACC891D1C8CE0900014A3DF /* PBXTargetDependency */ = {
			isa = PBXTargetDependency;
			target = 1ACC89011C8CE0900014A3DF /* 开关 */;
			targetProxy = 1ACC891C1C8CE0900014A3DF /* PBXContainerItemProxy */;
		};
/* End PBXTargetDependency section */

/* Begin PBXVariantGroup section */
		1ACC890F1C8CE0900014A3DF /* Main.storyboard */ = {
			isa = PBXVariantGroup;
			children = (
				1ACC89101C8CE0900014A3DF /* Base */,
			);
			name = Main.storyboard;
			sourceTree = "<group>";
		};
		1ACC89141C8CE0900014A3DF /* LaunchScreen.xib */ = {
			isa = PBXVariantGroup;
			children = (
				1ACC89151C8CE0900014A3DF /* Base */,
			);
			name = LaunchScreen.xib;
			sourceTree = "<group>";
		};
/* End PBXVariantGroup section */

/* Begin XCBuildConfiguration section */
		1ACC89231C8CE0900014A3DF /* Debug */ = {
			isa = XCBuildConfiguration;
			buildSettings = {
				ALWAYS_SEARCH_USER_PATHS = NO;
				CLANG_CXX_LANGUAGE_STANDARD = "gnu++0x";
				CLANG_CXX_LIBRARY = "libc++";
				CLANG_ENABLE_MODULES = YES;
				CLANG_ENABLE_OBJC_ARC = YES;
				CLANG_WARN_BOOL_CONVERSION = YES;
				CLANG_WARN_CONSTANT_CONVERSION = YES;
				CLANG_WARN_DIRECT_OBJC_ISA_USAGE = YES_ERROR;
				CLANG_WARN_EMPTY_BODY = YES;
				CLANG_WARN_ENUM_CONVERSION = YES;
				CLANG_WARN_INT_CONVERSION = YES;
				CLANG_WARN_OBJC_ROOT_CLASS = YES_ERROR;
				CLANG_WARN_UNREACHABLE_CODE = YES;
				CLANG_WARN__DUPLICATE_METHOD_MATCH = YES;
				"CODE_SIGN_IDENTITY[sdk=iphoneos*]" = "iPhone Developer";
				COPY_PHASE_STRIP = NO;
				ENABLE_STRICT_OBJC_MSGSEND = YES;
				GCC_C_LANGUAGE_STANDARD = gnu99;
				GCC_DYNAMIC_NO_PIC = NO;
				GCC_OPTIMIZATION_LEVEL = 0;
				GCC_PREPROCESSOR_DEFINITIONS = (
					"DEBUG=1",
					"$(inherited)",
				);
				GCC_SYMBOLS_PRIVATE_EXTERN = NO;
				GCC_WARN_64_TO_32_BIT_CONVERSION = YES;
				GCC_WARN_ABOUT_RETURN_TYPE = YES_ERROR;
				GCC_WARN_UNDECLARED_SELECTOR = YES;
				GCC_WARN_UNINITIALIZED_AUTOS = YES_AGGRESSIVE;
				GCC_WARN_UNUSED_FUNCTION = YES;
				GCC_WARN_UNUSED_VARIABLE = YES;
				IPHONEOS_DEPLOYMENT_TARGET = 8.2;
				MTL_ENABLE_DEBUG_INFO = YES;
				ONLY_ACTIVE_ARCH = YES;
				SDKROOT = iphoneos;
				TARGETED_DEVICE_FAMILY = "1,2";
			};
			name = Debug;
		};
		1ACC89241C8CE0900014A3DF /* Release */ = {
			isa = XCBuildConfiguration;
			buildSettings = {
				ALWAYS_SEARCH_USER_PATHS = NO;
				CLANG_CXX_LANGUAGE_STANDARD = "gnu++0x";
				CLANG_CXX_LIBRARY = "libc++";
				CLANG_ENABLE_MODULES = YES;
				CLANG_ENABLE_OBJC_ARC = YES;
				CLANG_WARN_BOOL_CONVERSION = YES;
				CLANG_WARN_CONSTANT_CONVERSION = YES;
				CLANG_WARN_DIRECT_OBJC_ISA_USAGE = YES_ERROR;
				CLANG_WARN_EMPTY_BODY = YES;
				CLANG_WARN_ENUM_CONVERSION = YES;
				CLANG_WARN_INT_CONVERSION = YES;
				CLANG_WARN_OBJC_ROOT_CLASS = YES_ERROR;
				CLANG_WARN_UNREACHABLE_CODE = YES;
				CLANG_WARN__DUPLICATE_METHOD_MATCH = YES;
				"CODE_SIGN_IDENTITY[sdk=iphoneos*]" = "iPhone Developer";
				COPY_PHASE_STRIP = NO;
				ENABLE_NS_ASSERTIONS = NO;
				ENABLE_STRICT_OBJC_MSGSEND = YES;
				GCC_C_LANGUAGE_STANDARD = gnu99;
				GCC_WARN_64_TO_32_BIT_CONVERSION = YES;
				GCC_WARN_ABOUT_RETURN_TYPE = YES_ERROR;
				GCC_WARN_UNDECLARED_SELECTOR = YES;
				GCC_WARN_UNINITIALIZED_AUTOS = YES_AGGRESSIVE;
				GCC_WARN_UNUSED_FUNCTION = YES;
				GCC_WARN_UNUSED_VARIABLE = YES;
				IPHONEOS_DEPLOYMENT_TARGET = 8.2;
				MTL_ENABLE_DEBUG_INFO = NO;
				SDKROOT = iphoneos;
				TARGETED_DEVICE_FAMILY = "1,2";
				VALIDATE_PRODUCT = YES;
			};
			name = Release;
		};
		1ACC89261C8CE0900014A3DF /* Debug */ = {
			isa = XCBuildConfiguration;
			buildSettings = {
				ASSETCATALOG_COMPILER_APPICON_NAME = AppIcon;
				INFOPLIST_FILE = "开关/Info.plist";
				LD_RUNPATH_SEARCH_PATHS = "$(inherited) @executable_path/Frameworks";
				PRODUCT_NAME = "$(TARGET_NAME)";
			};
			name = Debug;
		};
		1ACC89271C8CE0900014A3DF /* Release */ = {
			isa = XCBuildConfiguration;
			buildSettings = {
				ASSETCATALOG_COMPILER_APPICON_NAME = AppIcon;
				INFOPLIST_FILE = "开关/Info.plist";
				LD_RUNPATH_SEARCH_PATHS = "$(inherited) @executable_path/Frameworks";
				PRODUCT_NAME = "$(TARGET_NAME)";
			};
			name = Release;
		};
		1ACC89291C8CE0900014A3DF /* Debug */ = {
			isa = XCBuildConfiguration;
			buildSettings = {
				BUNDLE_LOADER = "$(TEST_HOST)";
				FRAMEWORK_SEARCH_PATHS = (
					"$(SDKROOT)/Developer/Library/Frameworks",
					"$(inherited)",
				);
				GCC_PREPROCESSOR_DEFINITIONS = (
					"DEBUG=1",
					"$(inherited)",
				);
				INFOPLIST_FILE = "开关Tests/Info.plist";
				LD_RUNPATH_SEARCH_PATHS = "$(inherited) @executable_path/Frameworks @loader_path/Frameworks";
				PRODUCT_NAME = "$(TARGET_NAME)";
				TEST_HOST = "$(BUILT_PRODUCTS_DIR)/开关.app/开关";
			};
			name = Debug;
		};
		1ACC892A1C8CE0900014A3DF /* Release */ = {
			isa = XCBuildConfiguration;
			buildSettings = {
				BUNDLE_LOADER = "$(TEST_HOST)";
				FRAMEWORK_SEARCH_PATHS = (
					"$(SDKROOT)/Developer/Library/Frameworks",
					"$(inherited)",
				);
				INFOPLIST_FILE = "开关Tests/Info.plist";
				LD_RUNPATH_SEARCH_PATHS = "$(inherited) @executable_path/Frameworks @loader_path/Frameworks";
				PRODUCT_NAME = "$(TARGET_NAME)";
				TEST_HOST = "$(BUILT_PRODUCTS_DIR)/开关.app/开关";
			};
			name = Release;
		};
/* End XCBuildConfiguration section */

/* Begin XCConfigurationList section */
		1ACC88FD1C8CE0900014A3DF /* Build configuration list for PBXProject "开关" */ = {
			isa = XCConfigurationList;
			buildConfigurations = (
				1ACC89231C8CE0900014A3DF /* Debug */,
				1ACC89241C8CE0900014A3DF /* Release */,
			);
			defaultConfigurationIsVisible = 0;
			defaultConfigurationName = Release;
		};
		1ACC89251C8CE0900014A3DF /* Build configuration list for PBXNativeTarget "开关" */ = {
			isa = XCConfigurationList;
			buildConfigurations = (
				1ACC89261C8CE0900014A3DF /* Debug */,
				1ACC89271C8CE0900014A3DF /* Release */,
			);
			defaultConfigurationIsVisible = 0;
		};
		1ACC89281C8CE0900014A3DF /* Build configuration list for PBXNativeTarget "开关Tests" */ = {
			isa = XCConfigurationList;
			buildConfigurations = (
				1ACC89291C8CE0900014A3DF /* Debug */,
				1ACC892A1C8CE0900014A3DF /* Release */,
			);
			defaultConfigurationIsVisible = 0;
		};
/* End XCConfigurationList section */
	};
	rootObject = 1ACC88FA1C8CE0900014A3DF /* Project object */;
}
